
Microsoft Visual Studio Solution File, Format Version 12.00
# Visual Studio Version 17
VisualStudioVersion = 17.1.32228.430
MinimumVisualStudioVersion = 10.0.40219.1
Project("{FAE04EC0-301F-11D3-BF4B-00C04F79EFBC}") = "Prova Algoritmos Edson EX1", "Prova Algoritmos Edson EX1.csproj", "{A94E9BDA-85FD-48AD-A503-940AA4098B28}"
EndProject
Global
	GlobalSection(SolutionConfigurationPlatforms) = preSolution
		Debug|Any CPU = Debug|Any CPU
		Release|Any CPU = Release|Any CPU
	EndGlobalSection
	GlobalSection(ProjectConfigurationPlatforms) = postSolution
		{A94E9BDA-85FD-48AD-A503-940AA4098B28}.Debug|Any CPU.ActiveCfg = Debug|Any CPU
		{A94E9BDA-85FD-48AD-A503-940AA4098B28}.Debug|Any CPU.Build.0 = Debug|Any CPU
		{A94E9BDA-85FD-48AD-A503-940AA4098B28}.Release|Any CPU.ActiveCfg = Release|Any CPU
		{A94E9BDA-85FD-48AD-A503-940AA4098B28}.Release|Any CPU.Build.0 = Release|Any CPU
	EndGlobalSection
	GlobalSection(SolutionProperties) = preSolution
		HideSolutionNode = FALSE
	EndGlobalSection
	GlobalSection(ExtensibilityGlobals) = postSolution
		SolutionGuid = {2DED12D7-FB38-4389-B2B8-75CB84E0F316}
	EndGlobalSection
EndGlobal
