
Microsoft Visual Studio Solution File, Format Version 12.00
# Visual Studio Version 17
VisualStudioVersion = 17.1.32228.430
MinimumVisualStudioVersion = 10.0.40219.1
Project("{FAE04EC0-301F-11D3-BF4B-00C04F79EFBC}") = "Lista 8  Exercício 53", "Lista 8  Exercício 53.csproj", "{0E226E59-E790-4E8D-8291-23B65799908E}"
EndProject
Global
	GlobalSection(SolutionConfigurationPlatforms) = preSolution
		Debug|Any CPU = Debug|Any CPU
		Release|Any CPU = Release|Any CPU
	EndGlobalSection
	GlobalSection(ProjectConfigurationPlatforms) = postSolution
		{0E226E59-E790-4E8D-8291-23B65799908E}.Debug|Any CPU.ActiveCfg = Debug|Any CPU
		{0E226E59-E790-4E8D-8291-23B65799908E}.Debug|Any CPU.Build.0 = Debug|Any CPU
		{0E226E59-E790-4E8D-8291-23B65799908E}.Release|Any CPU.ActiveCfg = Release|Any CPU
		{0E226E59-E790-4E8D-8291-23B65799908E}.Release|Any CPU.Build.0 = Release|Any CPU
	EndGlobalSection
	GlobalSection(SolutionProperties) = preSolution
		HideSolutionNode = FALSE
	EndGlobalSection
	GlobalSection(ExtensibilityGlobals) = postSolution
		SolutionGuid = {79A3586B-B1ED-4036-9FB0-89CC94A34508}
	EndGlobalSection
EndGlobal
