
Microsoft Visual Studio Solution File, Format Version 12.00
# Visual Studio Version 17
VisualStudioVersion = 17.2.32516.85
MinimumVisualStudioVersion = 10.0.40219.1
Project("{FAE04EC0-301F-11D3-BF4B-00C04F79EFBC}") = "Lista 10  Exercício 91", "Lista 10  Exercício 91.csproj", "{1AF06D8D-70FA-4465-BC59-426E78092B27}"
EndProject
Global
	GlobalSection(SolutionConfigurationPlatforms) = preSolution
		Debug|Any CPU = Debug|Any CPU
		Release|Any CPU = Release|Any CPU
	EndGlobalSection
	GlobalSection(ProjectConfigurationPlatforms) = postSolution
		{1AF06D8D-70FA-4465-BC59-426E78092B27}.Debug|Any CPU.ActiveCfg = Debug|Any CPU
		{1AF06D8D-70FA-4465-BC59-426E78092B27}.Debug|Any CPU.Build.0 = Debug|Any CPU
		{1AF06D8D-70FA-4465-BC59-426E78092B27}.Release|Any CPU.ActiveCfg = Release|Any CPU
		{1AF06D8D-70FA-4465-BC59-426E78092B27}.Release|Any CPU.Build.0 = Release|Any CPU
	EndGlobalSection
	GlobalSection(SolutionProperties) = preSolution
		HideSolutionNode = FALSE
	EndGlobalSection
	GlobalSection(ExtensibilityGlobals) = postSolution
		SolutionGuid = {3402376B-5913-4B9D-919F-D5D0FA5EC0FE}
	EndGlobalSection
EndGlobal
