
Microsoft Visual Studio Solution File, Format Version 12.00
# Visual Studio Version 17
VisualStudioVersion = 17.1.32228.430
MinimumVisualStudioVersion = 10.0.40219.1
Project("{FAE04EC0-301F-11D3-BF4B-00C04F79EFBC}") = "Lista 8  Exercício 48", "Lista 8  Exercício 48.csproj", "{C11E4111-6907-46A3-A8B3-CC96ABC83F25}"
EndProject
Global
	GlobalSection(SolutionConfigurationPlatforms) = preSolution
		Debug|Any CPU = Debug|Any CPU
		Release|Any CPU = Release|Any CPU
	EndGlobalSection
	GlobalSection(ProjectConfigurationPlatforms) = postSolution
		{C11E4111-6907-46A3-A8B3-CC96ABC83F25}.Debug|Any CPU.ActiveCfg = Debug|Any CPU
		{C11E4111-6907-46A3-A8B3-CC96ABC83F25}.Debug|Any CPU.Build.0 = Debug|Any CPU
		{C11E4111-6907-46A3-A8B3-CC96ABC83F25}.Release|Any CPU.ActiveCfg = Release|Any CPU
		{C11E4111-6907-46A3-A8B3-CC96ABC83F25}.Release|Any CPU.Build.0 = Release|Any CPU
	EndGlobalSection
	GlobalSection(SolutionProperties) = preSolution
		HideSolutionNode = FALSE
	EndGlobalSection
	GlobalSection(ExtensibilityGlobals) = postSolution
		SolutionGuid = {94AAB6FB-7DF3-4A14-85DC-5D8AC6985E90}
	EndGlobalSection
EndGlobal
