
Microsoft Visual Studio Solution File, Format Version 12.00
# Visual Studio 15
VisualStudioVersion = 15.0.28307.572
MinimumVisualStudioVersion = 10.0.40219.1
Project("{FAE04EC0-301F-11D3-BF4B-00C04F79EFBC}") = "Lista 1  Exercício 15", "Lista 1  Exercício 15\Lista 1  Exercício 15.csproj", "{465D02C4-2A58-483B-ACB8-465F1001B7C5}"
EndProject
Global
	GlobalSection(SolutionConfigurationPlatforms) = preSolution
		Debug|Any CPU = Debug|Any CPU
		Release|Any CPU = Release|Any CPU
	EndGlobalSection
	GlobalSection(ProjectConfigurationPlatforms) = postSolution
		{465D02C4-2A58-483B-ACB8-465F1001B7C5}.Debug|Any CPU.ActiveCfg = Debug|Any CPU
		{465D02C4-2A58-483B-ACB8-465F1001B7C5}.Debug|Any CPU.Build.0 = Debug|Any CPU
		{465D02C4-2A58-483B-ACB8-465F1001B7C5}.Release|Any CPU.ActiveCfg = Release|Any CPU
		{465D02C4-2A58-483B-ACB8-465F1001B7C5}.Release|Any CPU.Build.0 = Release|Any CPU
	EndGlobalSection
	GlobalSection(SolutionProperties) = preSolution
		HideSolutionNode = FALSE
	EndGlobalSection
	GlobalSection(ExtensibilityGlobals) = postSolution
		SolutionGuid = {E699CD02-2D07-4FB2-AB10-C093EFFCCBF7}
	EndGlobalSection
EndGlobal
