
Microsoft Visual Studio Solution File, Format Version 12.00
# Visual Studio Version 17
VisualStudioVersion = 17.2.32516.85
MinimumVisualStudioVersion = 10.0.40219.1
Project("{FAE04EC0-301F-11D3-BF4B-00C04F79EFBC}") = "Lista 10  Exercício 101", "Lista 10  Exercício 101.csproj", "{2A5CF5EC-EE9C-42A2-815C-F6F87FCA4C54}"
EndProject
Global
	GlobalSection(SolutionConfigurationPlatforms) = preSolution
		Debug|Any CPU = Debug|Any CPU
		Release|Any CPU = Release|Any CPU
	EndGlobalSection
	GlobalSection(ProjectConfigurationPlatforms) = postSolution
		{2A5CF5EC-EE9C-42A2-815C-F6F87FCA4C54}.Debug|Any CPU.ActiveCfg = Debug|Any CPU
		{2A5CF5EC-EE9C-42A2-815C-F6F87FCA4C54}.Debug|Any CPU.Build.0 = Debug|Any CPU
		{2A5CF5EC-EE9C-42A2-815C-F6F87FCA4C54}.Release|Any CPU.ActiveCfg = Release|Any CPU
		{2A5CF5EC-EE9C-42A2-815C-F6F87FCA4C54}.Release|Any CPU.Build.0 = Release|Any CPU
	EndGlobalSection
	GlobalSection(SolutionProperties) = preSolution
		HideSolutionNode = FALSE
	EndGlobalSection
	GlobalSection(ExtensibilityGlobals) = postSolution
		SolutionGuid = {626B7569-60BF-4572-AF08-6033AF247614}
	EndGlobalSection
EndGlobal
