
Microsoft Visual Studio Solution File, Format Version 12.00
# Visual Studio Version 17
VisualStudioVersion = 17.2.32516.85
MinimumVisualStudioVersion = 10.0.40219.1
Project("{FAE04EC0-301F-11D3-BF4B-00C04F79EFBC}") = "Lista 9  Exercício 87", "Lista 9  Exercício 87.csproj", "{BFBA8687-73FA-4045-99B8-DF4E59108C09}"
EndProject
Global
	GlobalSection(SolutionConfigurationPlatforms) = preSolution
		Debug|Any CPU = Debug|Any CPU
		Release|Any CPU = Release|Any CPU
	EndGlobalSection
	GlobalSection(ProjectConfigurationPlatforms) = postSolution
		{BFBA8687-73FA-4045-99B8-DF4E59108C09}.Debug|Any CPU.ActiveCfg = Debug|Any CPU
		{BFBA8687-73FA-4045-99B8-DF4E59108C09}.Debug|Any CPU.Build.0 = Debug|Any CPU
		{BFBA8687-73FA-4045-99B8-DF4E59108C09}.Release|Any CPU.ActiveCfg = Release|Any CPU
		{BFBA8687-73FA-4045-99B8-DF4E59108C09}.Release|Any CPU.Build.0 = Release|Any CPU
	EndGlobalSection
	GlobalSection(SolutionProperties) = preSolution
		HideSolutionNode = FALSE
	EndGlobalSection
	GlobalSection(ExtensibilityGlobals) = postSolution
		SolutionGuid = {536781F3-105A-4BDB-A151-F38ABE13E6FE}
	EndGlobalSection
EndGlobal
