
Microsoft Visual Studio Solution File, Format Version 12.00
# Visual Studio Version 17
VisualStudioVersion = 17.1.32228.430
MinimumVisualStudioVersion = 10.0.40219.1
Project("{FAE04EC0-301F-11D3-BF4B-00C04F79EFBC}") = "Lista 7  Exercício 39", "Lista 7  Exercício 39.csproj", "{B1550718-FAF3-43D4-9416-D59B62CD7844}"
EndProject
Global
	GlobalSection(SolutionConfigurationPlatforms) = preSolution
		Debug|Any CPU = Debug|Any CPU
		Release|Any CPU = Release|Any CPU
	EndGlobalSection
	GlobalSection(ProjectConfigurationPlatforms) = postSolution
		{B1550718-FAF3-43D4-9416-D59B62CD7844}.Debug|Any CPU.ActiveCfg = Debug|Any CPU
		{B1550718-FAF3-43D4-9416-D59B62CD7844}.Debug|Any CPU.Build.0 = Debug|Any CPU
		{B1550718-FAF3-43D4-9416-D59B62CD7844}.Release|Any CPU.ActiveCfg = Release|Any CPU
		{B1550718-FAF3-43D4-9416-D59B62CD7844}.Release|Any CPU.Build.0 = Release|Any CPU
	EndGlobalSection
	GlobalSection(SolutionProperties) = preSolution
		HideSolutionNode = FALSE
	EndGlobalSection
	GlobalSection(ExtensibilityGlobals) = postSolution
		SolutionGuid = {13C9F24B-4F3C-4A20-87EF-2D62CA86E4B7}
	EndGlobalSection
EndGlobal
