
Microsoft Visual Studio Solution File, Format Version 12.00
# Visual Studio 15
VisualStudioVersion = 15.0.28307.572
MinimumVisualStudioVersion = 10.0.40219.1
Project("{FAE04EC0-301F-11D3-BF4B-00C04F79EFBC}") = "Lista 1  Exercício 23 Dionisio", "Lista 1  Exercício 23 Dionisio\Lista 1  Exercício 23 Dionisio.csproj", "{49F6425C-A85D-4CBF-B241-1F0B0397CB9F}"
EndProject
Global
	GlobalSection(SolutionConfigurationPlatforms) = preSolution
		Debug|Any CPU = Debug|Any CPU
		Release|Any CPU = Release|Any CPU
	EndGlobalSection
	GlobalSection(ProjectConfigurationPlatforms) = postSolution
		{49F6425C-A85D-4CBF-B241-1F0B0397CB9F}.Debug|Any CPU.ActiveCfg = Debug|Any CPU
		{49F6425C-A85D-4CBF-B241-1F0B0397CB9F}.Debug|Any CPU.Build.0 = Debug|Any CPU
		{49F6425C-A85D-4CBF-B241-1F0B0397CB9F}.Release|Any CPU.ActiveCfg = Release|Any CPU
		{49F6425C-A85D-4CBF-B241-1F0B0397CB9F}.Release|Any CPU.Build.0 = Release|Any CPU
	EndGlobalSection
	GlobalSection(SolutionProperties) = preSolution
		HideSolutionNode = FALSE
	EndGlobalSection
	GlobalSection(ExtensibilityGlobals) = postSolution
		SolutionGuid = {8A2E77C7-BE41-4C0B-BA4A-7FE89A8254A0}
	EndGlobalSection
EndGlobal
