
Microsoft Visual Studio Solution File, Format Version 12.00
# Visual Studio Version 17
VisualStudioVersion = 17.1.32228.430
MinimumVisualStudioVersion = 10.0.40219.1
Project("{FAE04EC0-301F-11D3-BF4B-00C04F79EFBC}") = "Lista 8  Exercício 54", "Lista 8  Exercício 54.csproj", "{8E9D354E-5D4D-4A19-8DCD-CED8132C9CDA}"
EndProject
Global
	GlobalSection(SolutionConfigurationPlatforms) = preSolution
		Debug|Any CPU = Debug|Any CPU
		Release|Any CPU = Release|Any CPU
	EndGlobalSection
	GlobalSection(ProjectConfigurationPlatforms) = postSolution
		{8E9D354E-5D4D-4A19-8DCD-CED8132C9CDA}.Debug|Any CPU.ActiveCfg = Debug|Any CPU
		{8E9D354E-5D4D-4A19-8DCD-CED8132C9CDA}.Debug|Any CPU.Build.0 = Debug|Any CPU
		{8E9D354E-5D4D-4A19-8DCD-CED8132C9CDA}.Release|Any CPU.ActiveCfg = Release|Any CPU
		{8E9D354E-5D4D-4A19-8DCD-CED8132C9CDA}.Release|Any CPU.Build.0 = Release|Any CPU
	EndGlobalSection
	GlobalSection(SolutionProperties) = preSolution
		HideSolutionNode = FALSE
	EndGlobalSection
	GlobalSection(ExtensibilityGlobals) = postSolution
		SolutionGuid = {BA098C65-F710-4A7B-B45C-75E97DB6CEBC}
	EndGlobalSection
EndGlobal
