
Microsoft Visual Studio Solution File, Format Version 12.00
# Visual Studio Version 17
VisualStudioVersion = 17.2.32516.85
MinimumVisualStudioVersion = 10.0.40219.1
Project("{FAE04EC0-301F-11D3-BF4B-00C04F79EFBC}") = "Lista 11  Exercício 107", "Lista 11  Exercício 107.csproj", "{818DAC46-EB1C-4BB8-9F2D-3437B186A7B9}"
EndProject
Global
	GlobalSection(SolutionConfigurationPlatforms) = preSolution
		Debug|Any CPU = Debug|Any CPU
		Release|Any CPU = Release|Any CPU
	EndGlobalSection
	GlobalSection(ProjectConfigurationPlatforms) = postSolution
		{818DAC46-EB1C-4BB8-9F2D-3437B186A7B9}.Debug|Any CPU.ActiveCfg = Debug|Any CPU
		{818DAC46-EB1C-4BB8-9F2D-3437B186A7B9}.Debug|Any CPU.Build.0 = Debug|Any CPU
		{818DAC46-EB1C-4BB8-9F2D-3437B186A7B9}.Release|Any CPU.ActiveCfg = Release|Any CPU
		{818DAC46-EB1C-4BB8-9F2D-3437B186A7B9}.Release|Any CPU.Build.0 = Release|Any CPU
	EndGlobalSection
	GlobalSection(SolutionProperties) = preSolution
		HideSolutionNode = FALSE
	EndGlobalSection
	GlobalSection(ExtensibilityGlobals) = postSolution
		SolutionGuid = {BB7B33F0-3137-4891-B351-1D31CBF57266}
	EndGlobalSection
EndGlobal
