
Microsoft Visual Studio Solution File, Format Version 12.00
# Visual Studio Version 17
VisualStudioVersion = 17.2.32516.85
MinimumVisualStudioVersion = 10.0.40219.1
Project("{FAE04EC0-301F-11D3-BF4B-00C04F79EFBC}") = "Lista 10  Exercício 88 Dionísio", "Lista 10  Exercício 88 Dionísio.csproj", "{227F5718-41D8-4CC3-9F67-357CD0640A7A}"
EndProject
Global
	GlobalSection(SolutionConfigurationPlatforms) = preSolution
		Debug|Any CPU = Debug|Any CPU
		Release|Any CPU = Release|Any CPU
	EndGlobalSection
	GlobalSection(ProjectConfigurationPlatforms) = postSolution
		{227F5718-41D8-4CC3-9F67-357CD0640A7A}.Debug|Any CPU.ActiveCfg = Debug|Any CPU
		{227F5718-41D8-4CC3-9F67-357CD0640A7A}.Debug|Any CPU.Build.0 = Debug|Any CPU
		{227F5718-41D8-4CC3-9F67-357CD0640A7A}.Release|Any CPU.ActiveCfg = Release|Any CPU
		{227F5718-41D8-4CC3-9F67-357CD0640A7A}.Release|Any CPU.Build.0 = Release|Any CPU
	EndGlobalSection
	GlobalSection(SolutionProperties) = preSolution
		HideSolutionNode = FALSE
	EndGlobalSection
	GlobalSection(ExtensibilityGlobals) = postSolution
		SolutionGuid = {F7CA80F8-FE86-4454-B6F7-797431014367}
	EndGlobalSection
EndGlobal
