
Microsoft Visual Studio Solution File, Format Version 12.00
# Visual Studio 15
VisualStudioVersion = 15.0.28307.572
MinimumVisualStudioVersion = 10.0.40219.1
Project("{FAE04EC0-301F-11D3-BF4B-00C04F79EFBC}") = "Lista 1  Exercício 16", "Lista 1  Exercício 16\Lista 1  Exercício 16.csproj", "{1FDF8D50-1856-4FD4-B47F-EE13EA4A743B}"
EndProject
Global
	GlobalSection(SolutionConfigurationPlatforms) = preSolution
		Debug|Any CPU = Debug|Any CPU
		Release|Any CPU = Release|Any CPU
	EndGlobalSection
	GlobalSection(ProjectConfigurationPlatforms) = postSolution
		{1FDF8D50-1856-4FD4-B47F-EE13EA4A743B}.Debug|Any CPU.ActiveCfg = Debug|Any CPU
		{1FDF8D50-1856-4FD4-B47F-EE13EA4A743B}.Debug|Any CPU.Build.0 = Debug|Any CPU
		{1FDF8D50-1856-4FD4-B47F-EE13EA4A743B}.Release|Any CPU.ActiveCfg = Release|Any CPU
		{1FDF8D50-1856-4FD4-B47F-EE13EA4A743B}.Release|Any CPU.Build.0 = Release|Any CPU
	EndGlobalSection
	GlobalSection(SolutionProperties) = preSolution
		HideSolutionNode = FALSE
	EndGlobalSection
	GlobalSection(ExtensibilityGlobals) = postSolution
		SolutionGuid = {B1198810-9411-42E6-A28D-9A252979630E}
	EndGlobalSection
EndGlobal
