
Microsoft Visual Studio Solution File, Format Version 12.00
# Visual Studio Version 17
VisualStudioVersion = 17.2.32516.85
MinimumVisualStudioVersion = 10.0.40219.1
Project("{FAE04EC0-301F-11D3-BF4B-00C04F79EFBC}") = "Lista 10  Exercício 88", "Lista 10  Exercício 88.csproj", "{13CAE8C4-A9BD-4774-A45D-434C56F05285}"
EndProject
Global
	GlobalSection(SolutionConfigurationPlatforms) = preSolution
		Debug|Any CPU = Debug|Any CPU
		Release|Any CPU = Release|Any CPU
	EndGlobalSection
	GlobalSection(ProjectConfigurationPlatforms) = postSolution
		{13CAE8C4-A9BD-4774-A45D-434C56F05285}.Debug|Any CPU.ActiveCfg = Debug|Any CPU
		{13CAE8C4-A9BD-4774-A45D-434C56F05285}.Debug|Any CPU.Build.0 = Debug|Any CPU
		{13CAE8C4-A9BD-4774-A45D-434C56F05285}.Release|Any CPU.ActiveCfg = Release|Any CPU
		{13CAE8C4-A9BD-4774-A45D-434C56F05285}.Release|Any CPU.Build.0 = Release|Any CPU
	EndGlobalSection
	GlobalSection(SolutionProperties) = preSolution
		HideSolutionNode = FALSE
	EndGlobalSection
	GlobalSection(ExtensibilityGlobals) = postSolution
		SolutionGuid = {13DE000D-E090-4B65-8FC6-A2221E831BFD}
	EndGlobalSection
EndGlobal
