
Microsoft Visual Studio Solution File, Format Version 12.00
# Visual Studio 15
VisualStudioVersion = 15.0.28307.572
MinimumVisualStudioVersion = 10.0.40219.1
Project("{FAE04EC0-301F-11D3-BF4B-00C04F79EFBC}") = "Lista 1  Exercício 14", "Lista 1  Exercício 14\Lista 1  Exercício 14.csproj", "{63860A2D-CDC3-4A92-8898-9F0762F0A7F7}"
EndProject
Global
	GlobalSection(SolutionConfigurationPlatforms) = preSolution
		Debug|Any CPU = Debug|Any CPU
		Release|Any CPU = Release|Any CPU
	EndGlobalSection
	GlobalSection(ProjectConfigurationPlatforms) = postSolution
		{63860A2D-CDC3-4A92-8898-9F0762F0A7F7}.Debug|Any CPU.ActiveCfg = Debug|Any CPU
		{63860A2D-CDC3-4A92-8898-9F0762F0A7F7}.Debug|Any CPU.Build.0 = Debug|Any CPU
		{63860A2D-CDC3-4A92-8898-9F0762F0A7F7}.Release|Any CPU.ActiveCfg = Release|Any CPU
		{63860A2D-CDC3-4A92-8898-9F0762F0A7F7}.Release|Any CPU.Build.0 = Release|Any CPU
	EndGlobalSection
	GlobalSection(SolutionProperties) = preSolution
		HideSolutionNode = FALSE
	EndGlobalSection
	GlobalSection(ExtensibilityGlobals) = postSolution
		SolutionGuid = {C756A184-B4D9-4E00-94D9-A6DB358E2432}
	EndGlobalSection
EndGlobal
