
Microsoft Visual Studio Solution File, Format Version 12.00
# Visual Studio Version 17
VisualStudioVersion = 17.1.32228.430
MinimumVisualStudioVersion = 10.0.40219.1
Project("{FAE04EC0-301F-11D3-BF4B-00C04F79EFBC}") = "Lista 1  Exercício 17", "Lista 1  Exercício 17.csproj", "{D6EE3057-772D-497E-A319-6677DDBEF274}"
EndProject
Global
	GlobalSection(SolutionConfigurationPlatforms) = preSolution
		Debug|Any CPU = Debug|Any CPU
		Release|Any CPU = Release|Any CPU
	EndGlobalSection
	GlobalSection(ProjectConfigurationPlatforms) = postSolution
		{D6EE3057-772D-497E-A319-6677DDBEF274}.Debug|Any CPU.ActiveCfg = Debug|Any CPU
		{D6EE3057-772D-497E-A319-6677DDBEF274}.Debug|Any CPU.Build.0 = Debug|Any CPU
		{D6EE3057-772D-497E-A319-6677DDBEF274}.Release|Any CPU.ActiveCfg = Release|Any CPU
		{D6EE3057-772D-497E-A319-6677DDBEF274}.Release|Any CPU.Build.0 = Release|Any CPU
	EndGlobalSection
	GlobalSection(SolutionProperties) = preSolution
		HideSolutionNode = FALSE
	EndGlobalSection
	GlobalSection(ExtensibilityGlobals) = postSolution
		SolutionGuid = {77E50223-A73D-431B-8BEA-B9411B3CD7A9}
	EndGlobalSection
EndGlobal
