
Microsoft Visual Studio Solution File, Format Version 12.00
# Visual Studio Version 17
VisualStudioVersion = 17.1.32228.430
MinimumVisualStudioVersion = 10.0.40219.1
Project("{FAE04EC0-301F-11D3-BF4B-00C04F79EFBC}") = "Lista 7  Exercício 47", "Lista 7  Exercício 47.csproj", "{7755FAFF-C9B9-4CDD-8659-97B058E7150C}"
EndProject
Global
	GlobalSection(SolutionConfigurationPlatforms) = preSolution
		Debug|Any CPU = Debug|Any CPU
		Release|Any CPU = Release|Any CPU
	EndGlobalSection
	GlobalSection(ProjectConfigurationPlatforms) = postSolution
		{7755FAFF-C9B9-4CDD-8659-97B058E7150C}.Debug|Any CPU.ActiveCfg = Debug|Any CPU
		{7755FAFF-C9B9-4CDD-8659-97B058E7150C}.Debug|Any CPU.Build.0 = Debug|Any CPU
		{7755FAFF-C9B9-4CDD-8659-97B058E7150C}.Release|Any CPU.ActiveCfg = Release|Any CPU
		{7755FAFF-C9B9-4CDD-8659-97B058E7150C}.Release|Any CPU.Build.0 = Release|Any CPU
	EndGlobalSection
	GlobalSection(SolutionProperties) = preSolution
		HideSolutionNode = FALSE
	EndGlobalSection
	GlobalSection(ExtensibilityGlobals) = postSolution
		SolutionGuid = {CE207485-8CAE-41BD-81CD-F0ACFC719F1D}
	EndGlobalSection
EndGlobal
