
Microsoft Visual Studio Solution File, Format Version 12.00
# Visual Studio Version 17
VisualStudioVersion = 17.2.32516.85
MinimumVisualStudioVersion = 10.0.40219.1
Project("{FAE04EC0-301F-11D3-BF4B-00C04F79EFBC}") = "Lista 9  Exercício 76", "Lista 9  Exercício 76.csproj", "{177F19B8-69B8-4935-919A-96C6CB66CD4C}"
EndProject
Global
	GlobalSection(SolutionConfigurationPlatforms) = preSolution
		Debug|Any CPU = Debug|Any CPU
		Release|Any CPU = Release|Any CPU
	EndGlobalSection
	GlobalSection(ProjectConfigurationPlatforms) = postSolution
		{177F19B8-69B8-4935-919A-96C6CB66CD4C}.Debug|Any CPU.ActiveCfg = Debug|Any CPU
		{177F19B8-69B8-4935-919A-96C6CB66CD4C}.Debug|Any CPU.Build.0 = Debug|Any CPU
		{177F19B8-69B8-4935-919A-96C6CB66CD4C}.Release|Any CPU.ActiveCfg = Release|Any CPU
		{177F19B8-69B8-4935-919A-96C6CB66CD4C}.Release|Any CPU.Build.0 = Release|Any CPU
	EndGlobalSection
	GlobalSection(SolutionProperties) = preSolution
		HideSolutionNode = FALSE
	EndGlobalSection
	GlobalSection(ExtensibilityGlobals) = postSolution
		SolutionGuid = {540E7C37-9F1A-4FE5-8D53-F5CDBE08FB37}
	EndGlobalSection
EndGlobal
