
Microsoft Visual Studio Solution File, Format Version 12.00
# Visual Studio 15
VisualStudioVersion = 15.0.28307.572
MinimumVisualStudioVersion = 10.0.40219.1
Project("{FAE04EC0-301F-11D3-BF4B-00C04F79EFBC}") = "Lista 7  Exercício 40 Dionísio Switch", "Lista 7  Exercício 40 Dionísio Switch\Lista 7  Exercício 40 Dionísio Switch.csproj", "{9530AB95-FFE0-4D5B-912A-AECFF7100E4C}"
EndProject
Global
	GlobalSection(SolutionConfigurationPlatforms) = preSolution
		Debug|Any CPU = Debug|Any CPU
		Release|Any CPU = Release|Any CPU
	EndGlobalSection
	GlobalSection(ProjectConfigurationPlatforms) = postSolution
		{9530AB95-FFE0-4D5B-912A-AECFF7100E4C}.Debug|Any CPU.ActiveCfg = Debug|Any CPU
		{9530AB95-FFE0-4D5B-912A-AECFF7100E4C}.Debug|Any CPU.Build.0 = Debug|Any CPU
		{9530AB95-FFE0-4D5B-912A-AECFF7100E4C}.Release|Any CPU.ActiveCfg = Release|Any CPU
		{9530AB95-FFE0-4D5B-912A-AECFF7100E4C}.Release|Any CPU.Build.0 = Release|Any CPU
	EndGlobalSection
	GlobalSection(SolutionProperties) = preSolution
		HideSolutionNode = FALSE
	EndGlobalSection
	GlobalSection(ExtensibilityGlobals) = postSolution
		SolutionGuid = {0530DAB2-BDB9-46AB-9B16-E75B5C547D4E}
	EndGlobalSection
EndGlobal
