
Microsoft Visual Studio Solution File, Format Version 12.00
# Visual Studio Version 17
VisualStudioVersion = 17.2.32516.85
MinimumVisualStudioVersion = 10.0.40219.1
Project("{FAE04EC0-301F-11D3-BF4B-00C04F79EFBC}") = "Lista 9  Exercício 84", "Lista 9  Exercício 84.csproj", "{CE3A71CE-EA9B-4A10-9C4D-010E66AD1C81}"
EndProject
Global
	GlobalSection(SolutionConfigurationPlatforms) = preSolution
		Debug|Any CPU = Debug|Any CPU
		Release|Any CPU = Release|Any CPU
	EndGlobalSection
	GlobalSection(ProjectConfigurationPlatforms) = postSolution
		{CE3A71CE-EA9B-4A10-9C4D-010E66AD1C81}.Debug|Any CPU.ActiveCfg = Debug|Any CPU
		{CE3A71CE-EA9B-4A10-9C4D-010E66AD1C81}.Debug|Any CPU.Build.0 = Debug|Any CPU
		{CE3A71CE-EA9B-4A10-9C4D-010E66AD1C81}.Release|Any CPU.ActiveCfg = Release|Any CPU
		{CE3A71CE-EA9B-4A10-9C4D-010E66AD1C81}.Release|Any CPU.Build.0 = Release|Any CPU
	EndGlobalSection
	GlobalSection(SolutionProperties) = preSolution
		HideSolutionNode = FALSE
	EndGlobalSection
	GlobalSection(ExtensibilityGlobals) = postSolution
		SolutionGuid = {3DB85DB3-D947-461F-B81A-0A5CD822C8F5}
	EndGlobalSection
EndGlobal
