
Microsoft Visual Studio Solution File, Format Version 12.00
# Visual Studio Version 17
VisualStudioVersion = 17.2.32516.85
MinimumVisualStudioVersion = 10.0.40219.1
Project("{FAE04EC0-301F-11D3-BF4B-00C04F79EFBC}") = "Lista 9  Exercício 79", "Lista 9  Exercício 79.csproj", "{8BDD1CA1-ADE3-4E03-A45D-8C1D7A8BCEA2}"
EndProject
Global
	GlobalSection(SolutionConfigurationPlatforms) = preSolution
		Debug|Any CPU = Debug|Any CPU
		Release|Any CPU = Release|Any CPU
	EndGlobalSection
	GlobalSection(ProjectConfigurationPlatforms) = postSolution
		{8BDD1CA1-ADE3-4E03-A45D-8C1D7A8BCEA2}.Debug|Any CPU.ActiveCfg = Debug|Any CPU
		{8BDD1CA1-ADE3-4E03-A45D-8C1D7A8BCEA2}.Debug|Any CPU.Build.0 = Debug|Any CPU
		{8BDD1CA1-ADE3-4E03-A45D-8C1D7A8BCEA2}.Release|Any CPU.ActiveCfg = Release|Any CPU
		{8BDD1CA1-ADE3-4E03-A45D-8C1D7A8BCEA2}.Release|Any CPU.Build.0 = Release|Any CPU
	EndGlobalSection
	GlobalSection(SolutionProperties) = preSolution
		HideSolutionNode = FALSE
	EndGlobalSection
	GlobalSection(ExtensibilityGlobals) = postSolution
		SolutionGuid = {4EADD04E-D5CB-4A30-8697-872176DE4569}
	EndGlobalSection
EndGlobal
